// !$*UTF8*$!
{
	archiveVersion = 1;
	classes = {
	};
	objectVersion = 46;
	objects = {

/* Begin PBXBuildFile section */
		920B13281F01DBE100656A54 /* AppDelegate.swift in Sources */ = {isa = PBXBuildFile; fileRef = 920B13271F01DBE100656A54 /* AppDelegate.swift */; };
		920B132A1F01DBE100656A54 /* ViewController.swift in Sources */ = {isa = PBXBuildFile; fileRef = 920B13291F01DBE100656A54 /* ViewController.swift */; };
		920B132D1F01DBE100656A54 /* Main.storyboard in Resources */ = {isa = PBXBuildFile; fileRef = 920B132B1F01DBE100656A54 /* Main.storyboard */; };
		920B132F1F01DBE100656A54 /* Assets.xcassets in Resources */ = {isa = PBXBuildFile; fileRef = 920B132E1F01DBE100656A54 /* Assets.xcassets */; };
		920B13321F01DBE100656A54 /* LaunchScreen.storyboard in Resources */ = {isa = PBXBuildFile; fileRef = 920B13301F01DBE100656A54 /* LaunchScreen.storyboard */; };
		920B133D1F01DBE100656A54 /* TenDayStepCounterTests.swift in Sources */ = {isa = PBXBuildFile; fileRef = 920B133C1F01DBE100656A54 /* TenDayStepCounterTests.swift */; };
		920B13481F01DBE100656A54 /* TenDayStepCounterUITests.swift in Sources */ = {isa = PBXBuildFile; fileRef = 920B13471F01DBE100656A54 /* TenDayStepCounterUITests.swift */; };
		922D6D451F01F5E00056AD8E /* MotionService.swift in Sources */ = {isa = PBXBuildFile; fileRef = 922D6D441F01F5E00056AD8E /* MotionService.swift */; };
		922D6D461F01F5E00056AD8E /* MotionService.swift in Sources */ = {isa = PBXBuildFile; fileRef = 922D6D441F01F5E00056AD8E /* MotionService.swift */; };
		922D6D471F01F5E00056AD8E /* MotionService.swift in Sources */ = {isa = PBXBuildFile; fileRef = 922D6D441F01F5E00056AD8E /* MotionService.swift */; };
/* End PBXBuildFile section */

/* Begin PBXContainerItemProxy section */
		920B13391F01DBE100656A54 /* PBXContainerItemProxy */ = {
			isa = PBXContainerItemProxy;
			containerPortal = 920B131C1F01DBE100656A54 /* Project object */;
			proxyType = 1;
			remoteGlobalIDString = 920B13231F01DBE100656A54;
			remoteInfo = TenDayStepCounter;
		};
		920B13441F01DBE100656A54 /* PBXContainerItemProxy */ = {
			isa = PBXContainerItemProxy;
			containerPortal = 920B131C1F01DBE100656A54 /* Project object */;
			proxyType = 1;
			remoteGlobalIDString = 920B13231F01DBE100656A54;
			remoteInfo = TenDayStepCounter;
		};
/* End PBXContainerItemProxy section */

/* Begin PBXFileReference section */
		920B13241F01DBE100656A54 /* TenDayStepCounter.app */ = {isa = PBXFileReference; explicitFileType = wrapper.application; includeInIndex = 0; path = TenDayStepCounter.app; sourceTree = BUILT_PRODUCTS_DIR; };
		920B13271F01DBE100656A54 /* AppDelegate.swift */ = {isa = PBXFileReference; lastKnownFileType = sourcecode.swift; path = AppDelegate.swift; sourceTree = "<group>"; };
		920B13291F01DBE100656A54 /* ViewController.swift */ = {isa = PBXFileReference; lastKnownFileType = sourcecode.swift; path = ViewController.swift; sourceTree = "<group>"; };
		920B132C1F01DBE100656A54 /* Base */ = {isa = PBXFileReference; lastKnownFileType = file.storyboard; name = Base; path = Base.lproj/Main.storyboard; sourceTree = "<group>"; };
		920B132E1F01DBE100656A54 /* Assets.xcassets */ = {isa = PBXFileReference; lastKnownFileType = folder.assetcatalog; path = Assets.xcassets; sourceTree = "<group>"; };
		920B13311F01DBE100656A54 /* Base */ = {isa = PBXFileReference; lastKnownFileType = file.storyboard; name = Base; path = Base.lproj/LaunchScreen.storyboard; sourceTree = "<group>"; };
		920B13331F01DBE100656A54 /* Info.plist */ = {isa = PBXFileReference; lastKnownFileType = text.plist.xml; path = Info.plist; sourceTree = "<group>"; };
		920B13381F01DBE100656A54 /* TenDayStepCounterTests.xctest */ = {isa = PBXFileReference; explicitFileType = wrapper.cfbundle; includeInIndex = 0; path = TenDayStepCounterTests.xctest; sourceTree = BUILT_PRODUCTS_DIR; };
		920B133C1F01DBE100656A54 /* TenDayStepCounterTests.swift */ = {isa = PBXFileReference; lastKnownFileType = sourcecode.swift; path = TenDayStepCounterTests.swift; sourceTree = "<group>"; };
		920B133E1F01DBE100656A54 /* Info.plist */ = {isa = PBXFileReference; lastKnownFileType = text.plist.xml; path = Info.plist; sourceTree = "<group>"; };
		920B13431F01DBE100656A54 /* TenDayStepCounterUITests.xctest */ = {isa = PBXFileReference; explicitFileType = wrapper.cfbundle; includeInIndex = 0; path = TenDayStepCounterUITests.xctest; sourceTree = BUILT_PRODUCTS_DIR; };
		920B13471F01DBE100656A54 /* TenDayStepCounterUITests.swift */ = {isa = PBXFileReference; lastKnownFileType = sourcecode.swift; path = TenDayStepCounterUITests.swift; sourceTree = "<group>"; };
		920B13491F01DBE100656A54 /* Info.plist */ = {isa = PBXFileReference; lastKnownFileType = text.plist.xml; path = Info.plist; sourceTree = "<group>"; };
		922D6D441F01F5E00056AD8E /* MotionService.swift */ = {isa = PBXFileReference; fileEncoding = 4; lastKnownFileType = sourcecode.swift; path = MotionService.swift; sourceTree = "<group>"; };
/* End PBXFileReference section */

/* Begin PBXFrameworksBuildPhase section */
		920B13211F01DBE100656A54 /* Frameworks */ = {
			isa = PBXFrameworksBuildPhase;
			buildActionMask = 2147483647;
			files = (
			);
			runOnlyForDeploymentPostprocessing = 0;
		};
		920B13351F01DBE100656A54 /* Frameworks */ = {
			isa = PBXFrameworksBuildPhase;
			buildActionMask = 2147483647;
			files = (
			);
			runOnlyForDeploymentPostprocessing = 0;
		};
		920B13401F01DBE100656A54 /* Frameworks */ = {
			isa = PBXFrameworksBuildPhase;
			buildActionMask = 2147483647;
			files = (
			);
			runOnlyForDeploymentPostprocessing = 0;
		};
/* End PBXFrameworksBuildPhase section */

/* Begin PBXGroup section */
		920B131B1F01DBE100656A54 = {
			isa = PBXGroup;
			children = (
				920B13261F01DBE100656A54 /* TenDayStepCounter */,
				920B133B1F01DBE100656A54 /* TenDayStepCounterTests */,
				920B13461F01DBE100656A54 /* TenDayStepCounterUITests */,
				920B13251F01DBE100656A54 /* Products */,
			);
			sourceTree = "<group>";
		};
		920B13251F01DBE100656A54 /* Products */ = {
			isa = PBXGroup;
			children = (
				920B13241F01DBE100656A54 /* TenDayStepCounter.app */,
				920B13381F01DBE100656A54 /* TenDayStepCounterTests.xctest */,
				920B13431F01DBE100656A54 /* TenDayStepCounterUITests.xctest */,
			);
			name = Products;
			sourceTree = "<group>";
		};
		920B13261F01DBE100656A54 /* TenDayStepCounter */ = {
			isa = PBXGroup;
			children = (
				920B13271F01DBE100656A54 /* AppDelegate.swift */,
				920B13291F01DBE100656A54 /* ViewController.swift */,
				920B132B1F01DBE100656A54 /* Main.storyboard */,
				920B132E1F01DBE100656A54 /* Assets.xcassets */,
				920B13301F01DBE100656A54 /* LaunchScreen.storyboard */,
				920B13331F01DBE100656A54 /* Info.plist */,
				922D6D441F01F5E00056AD8E /* MotionService.swift */,
			);
			path = TenDayStepCounter;
			sourceTree = "<group>";
		};
		920B133B1F01DBE100656A54 /* TenDayStepCounterTests */ = {
			isa = PBXGroup;
			children = (
				920B133C1F01DBE100656A54 /* TenDayStepCounterTests.swift */,
				920B133E1F01DBE100656A54 /* Info.plist */,
			);
			path = TenDayStepCounterTests;
			sourceTree = "<group>";
		};
		920B13461F01DBE100656A54 /* TenDayStepCounterUITests */ = {
			isa = PBXGroup;
			children = (
				920B13471F01DBE100656A54 /* TenDayStepCounterUITests.swift */,
				920B13491F01DBE100656A54 /* Info.plist */,
			);
			path = TenDayStepCounterUITests;
			sourceTree = "<group>";
		};
/* End PBXGroup section */

/* Begin PBXNativeTarget section */
		920B13231F01DBE100656A54 /* TenDayStepCounter */ = {
			isa = PBXNativeTarget;
			buildConfigurationList = 920B134C1F01DBE100656A54 /* Build configuration list for PBXNativeTarget "TenDayStepCounter" */;
			buildPhases = (
				920B13201F01DBE100656A54 /* Sources */,
				920B13211F01DBE100656A54 /* Frameworks */,
				920B13221F01DBE100656A54 /* Resources */,
			);
			buildRules = (
			);
			dependencies = (
			);
			name = TenDayStepCounter;
			productName = TenDayStepCounter;
			productReference = 920B13241F01DBE100656A54 /* TenDayStepCounter.app */;
			productType = "com.apple.product-type.application";
		};
		920B13371F01DBE100656A54 /* TenDayStepCounterTests */ = {
			isa = PBXNativeTarget;
			buildConfigurationList = 920B134F1F01DBE100656A54 /* Build configuration list for PBXNativeTarget "TenDayStepCounterTests" */;
			buildPhases = (
				920B13341F01DBE100656A54 /* Sources */,
				920B13351F01DBE100656A54 /* Frameworks */,
				920B13361F01DBE100656A54 /* Resources */,
			);
			buildRules = (
			);
			dependencies = (
				920B133A1F01DBE100656A54 /* PBXTargetDependency */,
			);
			name = TenDayStepCounterTests;
			productName = TenDayStepCounterTests;
			productReference = 920B13381F01DBE100656A54 /* TenDayStepCounterTests.xctest */;
			productType = "com.apple.product-type.bundle.unit-test";
		};
		920B13421F01DBE100656A54 /* TenDayStepCounterUITests */ = {
			isa = PBXNativeTarget;
			buildConfigurationList = 920B13521F01DBE100656A54 /* Build configuration list for PBXNativeTarget "TenDayStepCounterUITests" */;
			buildPhases = (
				920B133F1F01DBE100656A54 /* Sources */,
				920B13401F01DBE100656A54 /* Frameworks */,
				920B13411F01DBE100656A54 /* Resources */,
			);
			buildRules = (
			);
			dependencies = (
				920B13451F01DBE100656A54 /* PBXTargetDependency */,
			);
			name = TenDayStepCounterUITests;
			productName = TenDayStepCounterUITests;
			productReference = 920B13431F01DBE100656A54 /* TenDayStepCounterUITests.xctest */;
			productType = "com.apple.product-type.bundle.ui-testing";
		};
/* End PBXNativeTarget section */

/* Begin PBXProject section */
		920B131C1F01DBE100656A54 /* Project object */ = {
			isa = PBXProject;
			attributes = {
				LastSwiftUpdateCheck = 0830;
				LastUpgradeCheck = 0830;
				ORGANIZATIONNAME = Swingaroo2;
				TargetAttributes = {
					920B13231F01DBE100656A54 = {
						CreatedOnToolsVersion = 8.3.2;
						DevelopmentTeam = 8CD362E4H7;
						ProvisioningStyle = Automatic;
					};
					920B13371F01DBE100656A54 = {
						CreatedOnToolsVersion = 8.3.2;
						DevelopmentTeam = 8CD362E4H7;
						ProvisioningStyle = Automatic;
						TestTargetID = 920B13231F01DBE100656A54;
					};
					920B13421F01DBE100656A54 = {
						CreatedOnToolsVersion = 8.3.2;
						DevelopmentTeam = 8CD362E4H7;
						ProvisioningStyle = Automatic;
						TestTargetID = 920B13231F01DBE100656A54;
					};
				};
			};
			buildConfigurationList = 920B131F1F01DBE100656A54 /* Build configuration list for PBXProject "TenDayStepCounter" */;
			compatibilityVersion = "Xcode 3.2";
			developmentRegion = English;
			hasScannedForEncodings = 0;
			knownRegions = (
				en,
				Base,
			);
			mainGroup = 920B131B1F01DBE100656A54;
			productRefGroup = 920B13251F01DBE100656A54 /* Products */;
			projectDirPath = "";
			projectRoot = "";
			targets = (
				920B13231F01DBE100656A54 /* TenDayStepCounter */,
				920B13371F01DBE100656A54 /* TenDayStepCounterTests */,
				920B13421F01DBE100656A54 /* TenDayStepCounterUITests */,
			);
		};
/* End PBXProject section */

/* Begin PBXResourcesBuildPhase section */
		920B13221F01DBE100656A54 /* Resources */ = {
			isa = PBXResourcesBuildPhase;
			buildActionMask = 2147483647;
			files = (
				920B13321F01DBE100656A54 /* LaunchScreen.storyboard in Resources */,
				920B132F1F01DBE100656A54 /* Assets.xcassets in Resources */,
				920B132D1F01DBE100656A54 /* Main.storyboard in Resources */,
			);
			runOnlyForDeploymentPostprocessing = 0;
		};
		920B13361F01DBE100656A54 /* Resources */ = {
			isa = PBXResourcesBuildPhase;
			buildActionMask = 2147483647;
			files = (
			);
			runOnlyForDeploymentPostprocessing = 0;
		};
		920B13411F01DBE100656A54 /* Resources */ = {
			isa = PBXResourcesBuildPhase;
			buildActionMask = 2147483647;
			files = (
			);
			runOnlyForDeploymentPostprocessing = 0;
		};
/* End PBXResourcesBuildPhase section */

/* Begin PBXSourcesBuildPhase section */
		920B13201F01DBE100656A54 /* Sources */ = {
			isa = PBXSourcesBuildPhase;
			buildActionMask = 2147483647;
			files = (
				920B132A1F01DBE100656A54 /* ViewController.swift in Sources */,
				920B13281F01DBE100656A54 /* AppDelegate.swift in Sources */,
				922D6D451F01F5E00056AD8E /* MotionService.swift in Sources */,
			);
			runOnlyForDeploymentPostprocessing = 0;
		};
		920B13341F01DBE100656A54 /* Sources */ = {
			isa = PBXSourcesBuildPhase;
			buildActionMask = 2147483647;
			files = (
				920B133D1F01DBE100656A54 /* TenDayStepCounterTests.swift in Sources */,
				922D6D461F01F5E00056AD8E /* MotionService.swift in Sources */,
			);
			runOnlyForDeploymentPostprocessing = 0;
		};
		920B133F1F01DBE100656A54 /* Sources */ = {
			isa = PBXSourcesBuildPhase;
			buildActionMask = 2147483647;
			files = (
				920B13481F01DBE100656A54 /* TenDayStepCounterUITests.swift in Sources */,
				922D6D471F01F5E00056AD8E /* MotionService.swift in Sources */,
			);
			runOnlyForDeploymentPostprocessing = 0;
		};
/* End PBXSourcesBuildPhase section */

/* Begin PBXTargetDependency section */
		920B133A1F01DBE100656A54 /* PBXTargetDependency */ = {
			isa = PBXTargetDependency;
			target = 920B13231F01DBE100656A54 /* TenDayStepCounter */;
			targetProxy = 920B13391F01DBE100656A54 /* PBXContainerItemProxy */;
		};
		920B13451F01DBE100656A54 /* PBXTargetDependency */ = {
			isa = PBXTargetDependency;
			target = 920B13231F01DBE100656A54 /* TenDayStepCounter */;
			targetProxy = 920B13441F01DBE100656A54 /* PBXContainerItemProxy */;
		};
/* End PBXTargetDependency section */

/* Begin PBXVariantGroup section */
		920B132B1F01DBE100656A54 /* Main.storyboard */ = {
			isa = PBXVariantGroup;
			children = (
				920B132C1F01DBE100656A54 /* Base */,
			);
			name = Main.storyboard;
			sourceTree = "<group>";
		};
		920B13301F01DBE100656A54 /* LaunchScreen.storyboard */ = {
			isa = PBXVariantGroup;
			children = (
				920B13311F01DBE100656A54 /* Base */,
			);
			name = LaunchScreen.storyboard;
			sourceTree = "<group>";
		};
/* End PBXVariantGroup section */

/* Begin XCBuildConfiguration section */
		920B134A1F01DBE100656A54 /* Debug */ = {
			isa = XCBuildConfiguration;
			buildSettings = {
				ALWAYS_SEARCH_USER_PATHS = NO;
				CLANG_ANALYZER_NONNULL = YES;
				CLANG_ANALYZER_NUMBER_OBJECT_CONVERSION = YES_AGGRESSIVE;
				CLANG_CXX_LANGUAGE_STANDARD = "gnu++0x";
				CLANG_CXX_LIBRARY = "libc++";
				CLANG_ENABLE_MODULES = YES;
				CLANG_ENABLE_OBJC_ARC = YES;
				CLANG_WARN_BOOL_CONVERSION = YES;
				CLANG_WARN_CONSTANT_CONVERSION = YES;
				CLANG_WARN_DIRECT_OBJC_ISA_USAGE = YES_ERROR;
				CLANG_WARN_DOCUMENTATION_COMMENTS = YES;
				CLANG_WARN_EMPTY_BODY = YES;
				CLANG_WARN_ENUM_CONVERSION = YES;
				CLANG_WARN_INFINITE_RECURSION = YES;
				CLANG_WARN_INT_CONVERSION = YES;
				CLANG_WARN_OBJC_ROOT_CLASS = YES_ERROR;
				CLANG_WARN_SUSPICIOUS_MOVE = YES;
				CLANG_WARN_UNREACHABLE_CODE = YES;
				CLANG_WARN__DUPLICATE_METHOD_MATCH = YES;
				"CODE_SIGN_IDENTITY[sdk=iphoneos*]" = "iPhone Developer";
				COPY_PHASE_STRIP = NO;
				DEBUG_INFORMATION_FORMAT = dwarf;
				ENABLE_STRICT_OBJC_MSGSEND = YES;
				ENABLE_TESTABILITY = YES;
				GCC_C_LANGUAGE_STANDARD = gnu99;
				GCC_DYNAMIC_NO_PIC = NO;
				GCC_NO_COMMON_BLOCKS = YES;
				GCC_OPTIMIZATION_LEVEL = 0;
				GCC_PREPROCESSOR_DEFINITIONS = (
					"DEBUG=1",
					"$(inherited)",
				);
				GCC_WARN_64_TO_32_BIT_CONVERSION = YES;
				GCC_WARN_ABOUT_RETURN_TYPE = YES_ERROR;
				GCC_WARN_UNDECLARED_SELECTOR = YES;
				GCC_WARN_UNINITIALIZED_AUTOS = YES_AGGRESSIVE;
				GCC_WARN_UNUSED_FUNCTION = YES;
				GCC_WARN_UNUSED_VARIABLE = YES;
				IPHONEOS_DEPLOYMENT_TARGET = 10.3;
				MTL_ENABLE_DEBUG_INFO = YES;
				ONLY_ACTIVE_ARCH = YES;
				SDKROOT = iphoneos;
				SWIFT_ACTIVE_COMPILATION_CONDITIONS = DEBUG;
				SWIFT_OPTIMIZATION_LEVEL = "-Onone";
			};
			name = Debug;
		};
		920B134B1F01DBE100656A54 /* Release */ = {
			isa = XCBuildConfiguration;
			buildSettings = {
				ALWAYS_SEARCH_USER_PATHS = NO;
				CLANG_ANALYZER_NONNULL = YES;
				CLANG_ANALYZER_NUMBER_OBJECT_CONVERSION = YES_AGGRESSIVE;
				CLANG_CXX_LANGUAGE_STANDARD = "gnu++0x";
				CLANG_CXX_LIBRARY = "libc++";
				CLANG_ENABLE_MODULES = YES;
				CLANG_ENABLE_OBJC_ARC = YES;
				CLANG_WARN_BOOL_CONVERSION = YES;
				CLANG_WARN_CONSTANT_CONVERSION = YES;
				CLANG_WARN_DIRECT_OBJC_ISA_USAGE = YES_ERROR;
				CLANG_WARN_DOCUMENTATION_COMMENTS = YES;
				CLANG_WARN_EMPTY_BODY = YES;
				CLANG_WARN_ENUM_CONVERSION = YES;
				CLANG_WARN_INFINITE_RECURSION = YES;
				CLANG_WARN_INT_CONVERSION = YES;
				CLANG_WARN_OBJC_ROOT_CLASS = YES_ERROR;
				CLANG_WARN_SUSPICIOUS_MOVE = YES;
				CLANG_WARN_UNREACHABLE_CODE = YES;
				CLANG_WARN__DUPLICATE_METHOD_MATCH = YES;
				"CODE_SIGN_IDENTITY[sdk=iphoneos*]" = "iPhone Developer";
				COPY_PHASE_STRIP = NO;
				DEBUG_INFORMATION_FORMAT = "dwarf-with-dsym";
				ENABLE_NS_ASSERTIONS = NO;
				ENABLE_STRICT_OBJC_MSGSEND = YES;
				GCC_C_LANGUAGE_STANDARD = gnu99;
				GCC_NO_COMMON_BLOCKS = YES;
				GCC_WARN_64_TO_32_BIT_CONVERSION = YES;
				GCC_WARN_ABOUT_RETURN_TYPE = YES_ERROR;
				GCC_WARN_UNDECLARED_SELECTOR = YES;
				GCC_WARN_UNINITIALIZED_AUTOS = YES_AGGRESSIVE;
				GCC_WARN_UNUSED_FUNCTION = YES;
				GCC_WARN_UNUSED_VARIABLE = YES;
				IPHONEOS_DEPLOYMENT_TARGET = 10.3;
				MTL_ENABLE_DEBUG_INFO = NO;
				SDKROOT = iphoneos;
				SWIFT_OPTIMIZATION_LEVEL = "-Owholemodule";
				VALIDATE_PRODUCT = YES;
			};
			name = Release;
		};
		920B134D1F01DBE100656A54 /* Debug */ = {
			isa = XCBuildConfiguration;
			buildSettings = {
				ASSETCATALOG_COMPILER_APPICON_NAME = AppIcon;
				DEVELOPMENT_TEAM = 8CD362E4H7;
				INFOPLIST_FILE = TenDayStepCounter/Info.plist;
				LD_RUNPATH_SEARCH_PATHS = "$(inherited) @executable_path/Frameworks";
				PRODUCT_BUNDLE_IDENTIFIER = com.swingaroo2.apps.TenDayStepCounter;
				PRODUCT_NAME = "$(TARGET_NAME)";
				SWIFT_VERSION = 3.0;
			};
			name = Debug;
		};
		920B134E1F01DBE100656A54 /* Release */ = {
			isa = XCBuildConfiguration;
			buildSettings = {
				ASSETCATALOG_COMPILER_APPICON_NAME = AppIcon;
				DEVELOPMENT_TEAM = 8CD362E4H7;
				INFOPLIST_FILE = TenDayStepCounter/Info.plist;
				LD_RUNPATH_SEARCH_PATHS = "$(inherited) @executable_path/Frameworks";
				PRODUCT_BUNDLE_IDENTIFIER = com.swingaroo2.apps.TenDayStepCounter;
				PRODUCT_NAME = "$(TARGET_NAME)";
				SWIFT_VERSION = 3.0;
			};
			name = Release;
		};
		920B13501F01DBE100656A54 /* Debug */ = {
			isa = XCBuildConfiguration;
			buildSettings = {
				ALWAYS_EMBED_SWIFT_STANDARD_LIBRARIES = YES;
				BUNDLE_LOADER = "$(TEST_HOST)";
				DEVELOPMENT_TEAM = 8CD362E4H7;
				INFOPLIST_FILE = TenDayStepCounterTests/Info.plist;
				LD_RUNPATH_SEARCH_PATHS = "$(inherited) @executable_path/Frameworks @loader_path/Frameworks";
				PRODUCT_BUNDLE_IDENTIFIER = com.swingaroo2.apps.TenDayStepCounterTests;
				PRODUCT_NAME = "$(TARGET_NAME)";
				SWIFT_VERSION = 3.0;
				TEST_HOST = "$(BUILT_PRODUCTS_DIR)/TenDayStepCounter.app/TenDayStepCounter";
			};
			name = Debug;
		};
		920B13511F01DBE100656A54 /* Release */ = {
			isa = XCBuildConfiguration;
			buildSettings = {
				ALWAYS_EMBED_SWIFT_STANDARD_LIBRARIES = YES;
				BUNDLE_LOADER = "$(TEST_HOST)";
				DEVELOPMENT_TEAM = 8CD362E4H7;
				INFOPLIST_FILE = TenDayStepCounterTests/Info.plist;
				LD_RUNPATH_SEARCH_PATHS = "$(inherited) @executable_path/Frameworks @loader_path/Frameworks";
				PRODUCT_BUNDLE_IDENTIFIER = com.swingaroo2.apps.TenDayStepCounterTests;
				PRODUCT_NAME = "$(TARGET_NAME)";
				SWIFT_VERSION = 3.0;
				TEST_HOST = "$(BUILT_PRODUCTS_DIR)/TenDayStepCounter.app/TenDayStepCounter";
			};
			name = Release;
		};
		920B13531F01DBE100656A54 /* Debug */ = {
			isa = XCBuildConfiguration;
			buildSettings = {
				ALWAYS_EMBED_SWIFT_STANDARD_LIBRARIES = YES;
				DEVELOPMENT_TEAM = 8CD362E4H7;
				INFOPLIST_FILE = TenDayStepCounterUITests/Info.plist;
				LD_RUNPATH_SEARCH_PATHS = "$(inherited) @executable_path/Frameworks @loader_path/Frameworks";
				PRODUCT_BUNDLE_IDENTIFIER = com.swingaroo2.apps.TenDayStepCounterUITests;
				PRODUCT_NAME = "$(TARGET_NAME)";
				SWIFT_VERSION = 3.0;
				TEST_TARGET_NAME = TenDayStepCounter;
			};
			name = Debug;
		};
		920B13541F01DBE100656A54 /* Release */ = {
			isa = XCBuildConfiguration;
			buildSettings = {
				ALWAYS_EMBED_SWIFT_STANDARD_LIBRARIES = YES;
				DEVELOPMENT_TEAM = 8CD362E4H7;
				INFOPLIST_FILE = TenDayStepCounterUITests/Info.plist;
				LD_RUNPATH_SEARCH_PATHS = "$(inherited) @executable_path/Frameworks @loader_path/Frameworks";
				PRODUCT_BUNDLE_IDENTIFIER = com.swingaroo2.apps.TenDayStepCounterUITests;
				PRODUCT_NAME = "$(TARGET_NAME)";
				SWIFT_VERSION = 3.0;
				TEST_TARGET_NAME = TenDayStepCounter;
			};
			name = Release;
		};
/* End XCBuildConfiguration section */

/* Begin XCConfigurationList section */
		920B131F1F01DBE100656A54 /* Build configuration list for PBXProject "TenDayStepCounter" */ = {
			isa = XCConfigurationList;
			buildConfigurations = (
				920B134A1F01DBE100656A54 /* Debug */,
				920B134B1F01DBE100656A54 /* Release */,
			);
			defaultConfigurationIsVisible = 0;
			defaultConfigurationName = Release;
		};
		920B134C1F01DBE100656A54 /* Build configuration list for PBXNativeTarget "TenDayStepCounter" */ = {
			isa = XCConfigurationList;
			buildConfigurations = (
				920B134D1F01DBE100656A54 /* Debug */,
				920B134E1F01DBE100656A54 /* Release */,
			);
			defaultConfigurationIsVisible = 0;
			defaultConfigurationName = Release;
		};
		920B134F1F01DBE100656A54 /* Build configuration list for PBXNativeTarget "TenDayStepCounterTests" */ = {
			isa = XCConfigurationList;
			buildConfigurations = (
				920B13501F01DBE100656A54 /* Debug */,
				920B13511F01DBE100656A54 /* Release */,
			);
			defaultConfigurationIsVisible = 0;
			defaultConfigurationName = Release;
		};
		920B13521F01DBE100656A54 /* Build configuration list for PBXNativeTarget "TenDayStepCounterUITests" */ = {
			isa = XCConfigurationList;
			buildConfigurations = (
				920B13531F01DBE100656A54 /* Debug */,
				920B13541F01DBE100656A54 /* Release */,
			);
			defaultConfigurationIsVisible = 0;
			defaultConfigurationName = Release;
		};
/* End XCConfigurationList section */
	};
	rootObject = 920B131C1F01DBE100656A54 /* Project object */;
}
